github.com/99designs/httpsignatures-go v0.0.0-20170731043157-88528bf4ca7e/go.mod h1:Xa6lInWHNQnuWoF0YPSsx+INFA9qk7/7pTjwb3PInkY=
github.com/drone/drone-go v1.7.1 h1:ZX+3Rs8YHUSUQ5mkuMLmm1zr1ttiiE2YGNxF3AnyDKw=
github.com/drone/drone-go v1.7.1/go.mod h1:fxCf9jAnXDZV1yDr0ckTuWd1intvcQwfJmTRpTZ1mXg=
github.com/google/go-cmp v0.2.0/go.mod h1:oXzfMopK8JAjlY9xF4vHSVASa0yLyX7SntLO5aqRK0M=
